Microsoft Visual Studio Solution File, Format Version 12.00
# Visual Studio Version 17
VisualStudioVersion = 17.5.2.0
MinimumVisualStudioVersion = 10.0.40219.1
Project("{FAE04EC0-301F-11D3-BF4B-00C04F79EFBC}") = "SistemaEstoque", "SistemaEstoque\SistemaEstoque.csproj", "{773E24DA-70C7-DB48-684D-82ECB0266E71}"
EndProject
Global
	GlobalSection(SolutionConfigurationPlatforms) = preSolution
		Debug|Any CPU = Debug|Any CPU
		Release|Any CPU = Release|Any CPU
	EndGlobalSection
	GlobalSection(ProjectConfigurationPlatforms) = postSolution
		{773E24DA-70C7-DB48-684D-82ECB0266E71}.Debug|Any CPU.ActiveCfg = Debug|Any CPU
		{773E24DA-70C7-DB48-684D-82ECB0266E71}.Debug|Any CPU.Build.0 = Debug|Any CPU
		{773E24DA-70C7-DB48-684D-82ECB0266E71}.Release|Any CPU.ActiveCfg = Release|Any CPU
		{773E24DA-70C7-DB48-684D-82ECB0266E71}.Release|Any CPU.Build.0 = Release|Any CPU
	EndGlobalSection
	GlobalSection(SolutionProperties) = preSolution
		HideSolutionNode = FALSE
	EndGlobalSection
	GlobalSection(ExtensibilityGlobals) = postSolution
		SolutionGuid = {865FE06F-7F29-4E77-983F-B3B5C7520773}
	EndGlobalSection
EndGlobal
